
Microsoft Visual Studio Solution File, Format Version 12.00
# Visual Studio Version 17
VisualStudioVersion = 17.4.33213.308
MinimumVisualStudioVersion = 10.0.40219.1
Project("{FAE04EC0-301F-11D3-BF4B-00C04F79EFBC}") = "assignment", "assignment\assignment.csproj", "{7368A829-6972-41ED-87AC-485BFA333E8E}"
EndProject
Project("{FAE04EC0-301F-11D3-BF4B-00C04F79EFBC}") = "SeleniumTest", "SeleniumTest\SeleniumTest.csproj", "{714A66F9-C8F9-4B4B-826B-C4E15198BF2F}"
EndProject
Project("{FAE04EC0-301F-11D3-BF4B-00C04F79EFBC}") = "SeleniumTest.Tests", "SeleniumTest.Tests\SeleniumTest.Tests.csproj", "{1121DF5A-0010-45F4-A094-4BB647AA4B28}"
EndProject
Global
	GlobalSection(SolutionConfigurationPlatforms) = preSolution
		Debug|Any CPU = Debug|Any CPU
		Release|Any CPU = Release|Any CPU
	EndGlobalSection
	GlobalSection(ProjectConfigurationPlatforms) = postSolution
		{7368A829-6972-41ED-87AC-485BFA333E8E}.Debug|Any CPU.ActiveCfg = Debug|Any CPU
		{7368A829-6972-41ED-87AC-485BFA333E8E}.Debug|Any CPU.Build.0 = Debug|Any CPU
		{7368A829-6972-41ED-87AC-485BFA333E8E}.Release|Any CPU.ActiveCfg = Release|Any CPU
		{7368A829-6972-41ED-87AC-485BFA333E8E}.Release|Any CPU.Build.0 = Release|Any CPU
		{714A66F9-C8F9-4B4B-826B-C4E15198BF2F}.Debug|Any CPU.ActiveCfg = Debug|Any CPU
		{714A66F9-C8F9-4B4B-826B-C4E15198BF2F}.Debug|Any CPU.Build.0 = Debug|Any CPU
		{714A66F9-C8F9-4B4B-826B-C4E15198BF2F}.Release|Any CPU.ActiveCfg = Release|Any CPU
		{714A66F9-C8F9-4B4B-826B-C4E15198BF2F}.Release|Any CPU.Build.0 = Release|Any CPU
		{1121DF5A-0010-45F4-A094-4BB647AA4B28}.Debug|Any CPU.ActiveCfg = Debug|Any CPU
		{1121DF5A-0010-45F4-A094-4BB647AA4B28}.Debug|Any CPU.Build.0 = Debug|Any CPU
		{1121DF5A-0010-45F4-A094-4BB647AA4B28}.Release|Any CPU.ActiveCfg = Release|Any CPU
		{1121DF5A-0010-45F4-A094-4BB647AA4B28}.Release|Any CPU.Build.0 = Release|Any CPU
	EndGlobalSection
	GlobalSection(SolutionProperties) = preSolution
		HideSolutionNode = FALSE
	EndGlobalSection
	GlobalSection(ExtensibilityGlobals) = postSolution
		SolutionGuid = {B8AA14AD-FB37-4521-8C6D-B7CD94EFE987}
	EndGlobalSection
EndGlobal
